
Microsoft Visual Studio Solution File, Format Version 12.00
# Visual Studio Version 17
VisualStudioVersion = 17.2.32505.173
MinimumVisualStudioVersion = 10.0.40219.1
Project("{FAE04EC0-301F-11D3-BF4B-00C04F79EFBC}") = "EarthSystem", "EarthSystem\EarthSystem.csproj", "{575C76FD-7E40-42AB-B4AE-F0805BBB34C5}"
EndProject
Global
	GlobalSection(SolutionConfigurationPlatforms) = preSolution
		Debug|Any CPU = Debug|Any CPU
		Release|Any CPU = Release|Any CPU
	EndGlobalSection
	GlobalSection(ProjectConfigurationPlatforms) = postSolution
		{575C76FD-7E40-42AB-B4AE-F0805BBB34C5}.Debug|Any CPU.ActiveCfg = Debug|Any CPU
		{575C76FD-7E40-42AB-B4AE-F0805BBB34C5}.Debug|Any CPU.Build.0 = Debug|Any CPU
		{575C76FD-7E40-42AB-B4AE-F0805BBB34C5}.Release|Any CPU.ActiveCfg = Release|Any CPU
		{575C76FD-7E40-42AB-B4AE-F0805BBB34C5}.Release|Any CPU.Build.0 = Release|Any CPU
	EndGlobalSection
	GlobalSection(SolutionProperties) = preSolution
		HideSolutionNode = FALSE
	EndGlobalSection
	GlobalSection(ExtensibilityGlobals) = postSolution
		SolutionGuid = {73A1C45B-5502-4C5C-B3D5-FEC5DC33F275}
	EndGlobalSection
EndGlobal
